// !$*UTF8*$!
{
	archiveVersion = 1;
	classes = {
	};
	objectVersion = 50;
	objects = {

/* Begin PBXBuildFile section */
		DF17F72F268F1D5C00871C13 /* AppDelegate.m in Sources */ = {isa = PBXBuildFile; fileRef = DF17F72E268F1D5C00871C13 /* AppDelegate.m */; };
		DF17F732268F1D5C00871C13 /* SceneDelegate.m in Sources */ = {isa = PBXBuildFile; fileRef = DF17F731268F1D5C00871C13 /* SceneDelegate.m */; };
		DF17F735268F1D5C00871C13 /* ViewController.m in Sources */ = {isa = PBXBuildFile; fileRef = DF17F734268F1D5C00871C13 /* ViewController.m */; };
		DF17F738268F1D5C00871C13 /* Main.storyboard in Resources */ = {isa = PBXBuildFile; fileRef = DF17F736268F1D5C00871C13 /* Main.storyboard */; };
		DF17F73A268F1D5D00871C13 /* Assets.xcassets in Resources */ = {isa = PBXBuildFile; fileRef = DF17F739268F1D5D00871C13 /* Assets.xcassets */; };
		DF17F73D268F1D5D00871C13 /* LaunchScreen.storyboard in Resources */ = {isa = PBXBuildFile; fileRef = DF17F73B268F1D5D00871C13 /* LaunchScreen.storyboard */; };
		DF17F740268F1D5D00871C13 /* main.m in Sources */ = {isa = PBXBuildFile; fileRef = DF17F73F268F1D5D00871C13 /* main.m */; };
		DF5F2B672599DEFA00FD6E1C /* AppDelegate.m in Sources */ = {isa = PBXBuildFile; fileRef = DF5F2B662599DEFA00FD6E1C /* AppDelegate.m */; };
		DF5F2B6A2599DEFA00FD6E1C /* SceneDelegate.m in Sources */ = {isa = PBXBuildFile; fileRef = DF5F2B692599DEFA00FD6E1C /* SceneDelegate.m */; };
		DF5F2B6D2599DEFA00FD6E1C /* ViewController.m in Sources */ = {isa = PBXBuildFile; fileRef = DF5F2B6C2599DEFA00FD6E1C /* ViewController.m */; };
		DF5F2B702599DEFA00FD6E1C /* Main.storyboard in Resources */ = {isa = PBXBuildFile; fileRef = DF5F2B6E2599DEFA00FD6E1C /* Main.storyboard */; };
		DF5F2B722599DEFC00FD6E1C /* Assets.xcassets in Resources */ = {isa = PBXBuildFile; fileRef = DF5F2B712599DEFC00FD6E1C /* Assets.xcassets */; };
		DF5F2B752599DEFC00FD6E1C /* LaunchScreen.storyboard in Resources */ = {isa = PBXBuildFile; fileRef = DF5F2B732599DEFC00FD6E1C /* LaunchScreen.storyboard */; };
		DF5F2B782599DEFC00FD6E1C /* main.m in Sources */ = {isa = PBXBuildFile; fileRef = DF5F2B772599DEFC00FD6E1C /* main.m */; };
		DF5F2BBE2599E2EE00FD6E1C /* NotificationService.m in Sources */ = {isa = PBXBuildFile; fileRef = DF5F2BBD2599E2EE00FD6E1C /* NotificationService.m */; };
		DF5F2BC22599E2EE00FD6E1C /* notifycation.appex in Embed App Extensions */ = {isa = PBXBuildFile; fileRef = DF5F2BBA2599E2EE00FD6E1C /* notifycation.appex */; settings = {ATTRIBUTES = (RemoveHeadersOnCopy, ); }; };
		DF64D0F025E8C96D0061459E /* AppDelegate.m in Sources */ = {isa = PBXBuildFile; fileRef = DF64D0EF25E8C96D0061459E /* AppDelegate.m */; };
		DF64D0F325E8C96D0061459E /* SceneDelegate.m in Sources */ = {isa = PBXBuildFile; fileRef = DF64D0F225E8C96D0061459E /* SceneDelegate.m */; };
		DF64D0F625E8C96D0061459E /* ViewController.m in Sources */ = {isa = PBXBuildFile; fileRef = DF64D0F525E8C96D0061459E /* ViewController.m */; };
		DF64D0F925E8C96D0061459E /* Main.storyboard in Resources */ = {isa = PBXBuildFile; fileRef = DF64D0F725E8C96D0061459E /* Main.storyboard */; };
		DF64D0FB25E8C96E0061459E /* Assets.xcassets in Resources */ = {isa = PBXBuildFile; fileRef = DF64D0FA25E8C96E0061459E /* Assets.xcassets */; };
		DF64D0FE25E8C96E0061459E /* LaunchScreen.storyboard in Resources */ = {isa = PBXBuildFile; fileRef = DF64D0FC25E8C96E0061459E /* LaunchScreen.storyboard */; };
		DF64D10125E8C96E0061459E /* main.m in Sources */ = {isa = PBXBuildFile; fileRef = DF64D10025E8C96E0061459E /* main.m */; };
		DF64D10A25E8C9870061459E /* CustemView.m in Sources */ = {isa = PBXBuildFile; fileRef = DF64D10925E8C9870061459E /* CustemView.m */; };
		DF7E5E1726647AF500234E8B /* AppDelegate.m in Sources */ = {isa = PBXBuildFile; fileRef = DF7E5E1626647AF500234E8B /* AppDelegate.m */; };
		DF7E5E1A26647AF500234E8B /* SceneDelegate.m in Sources */ = {isa = PBXBuildFile; fileRef = DF7E5E1926647AF500234E8B /* SceneDelegate.m */; };
		DF7E5E1D26647AF500234E8B /* ViewController.m in Sources */ = {isa = PBXBuildFile; fileRef = DF7E5E1C26647AF500234E8B /* ViewController.m */; };
		DF7E5E2026647AF500234E8B /* Main.storyboard in Resources */ = {isa = PBXBuildFile; fileRef = DF7E5E1E26647AF500234E8B /* Main.storyboard */; };
		DF7E5E2226647AF600234E8B /* Assets.xcassets in Resources */ = {isa = PBXBuildFile; fileRef = DF7E5E2126647AF600234E8B /* Assets.xcassets */; };
		DF7E5E2526647AF600234E8B /* LaunchScreen.storyboard in Resources */ = {isa = PBXBuildFile; fileRef = DF7E5E2326647AF600234E8B /* LaunchScreen.storyboard */; };
		DF7E5E2826647AF600234E8B /* main.m in Sources */ = {isa = PBXBuildFile; fileRef = DF7E5E2726647AF600234E8B /* main.m */; };
		DF7E5E692665CEBA00234E8B /* MyContainerView.m in Sources */ = {isa = PBXBuildFile; fileRef = DF7E5E662665CEBA00234E8B /* MyContainerView.m */; };
		DF958548266F609400181062 /* AppDelegate.m in Sources */ = {isa = PBXBuildFile; fileRef = DF958547266F609400181062 /* AppDelegate.m */; };
		DF95854B266F609400181062 /* SceneDelegate.m in Sources */ = {isa = PBXBuildFile; fileRef = DF95854A266F609400181062 /* SceneDelegate.m */; };
		DF95854E266F609400181062 /* ViewController.m in Sources */ = {isa = PBXBuildFile; fileRef = DF95854D266F609400181062 /* ViewController.m */; };
		DF958551266F609400181062 /* Main.storyboard in Resources */ = {isa = PBXBuildFile; fileRef = DF95854F266F609400181062 /* Main.storyboard */; };
		DF958553266F609500181062 /* Assets.xcassets in Resources */ = {isa = PBXBuildFile; fileRef = DF958552266F609500181062 /* Assets.xcassets */; };
		DF958556266F609500181062 /* LaunchScreen.storyboard in Resources */ = {isa = PBXBuildFile; fileRef = DF958554266F609500181062 /* LaunchScreen.storyboard */; };
		DF958559266F609500181062 /* main.m in Sources */ = {isa = PBXBuildFile; fileRef = DF958558266F609500181062 /* main.m */; };
		DF958565266F60BF00181062 /* MyThread.m in Sources */ = {isa = PBXBuildFile; fileRef = DF958564266F60BF00181062 /* MyThread.m */; };
		DF95856E266F676700181062 /* SectondViewController.m in Sources */ = {isa = PBXBuildFile; fileRef = DF95856D266F676700181062 /* SectondViewController.m */; };
		DF95857D2670503800181062 /* AppDelegate.m in Sources */ = {isa = PBXBuildFile; fileRef = DF95857C2670503800181062 /* AppDelegate.m */; };
		DF9585802670503800181062 /* SceneDelegate.m in Sources */ = {isa = PBXBuildFile; fileRef = DF95857F2670503800181062 /* SceneDelegate.m */; };
		DF9585832670503800181062 /* ViewController.m in Sources */ = {isa = PBXBuildFile; fileRef = DF9585822670503800181062 /* ViewController.m */; };
		DF9585862670503800181062 /* Main.storyboard in Resources */ = {isa = PBXBuildFile; fileRef = DF9585842670503800181062 /* Main.storyboard */; };
		DF9585882670503900181062 /* Assets.xcassets in Resources */ = {isa = PBXBuildFile; fileRef = DF9585872670503900181062 /* Assets.xcassets */; };
		DF95858B2670503900181062 /* LaunchScreen.storyboard in Resources */ = {isa = PBXBuildFile; fileRef = DF9585892670503900181062 /* LaunchScreen.storyboard */; };
		DF95858E2670503900181062 /* main.m in Sources */ = {isa = PBXBuildFile; fileRef = DF95858D2670503900181062 /* main.m */; };
		DFA9C01A2624339B005ACFB1 /* AppDelegate.m in Sources */ = {isa = PBXBuildFile; fileRef = DFA9C0192624339B005ACFB1 /* AppDelegate.m */; };
		DFA9C01D2624339B005ACFB1 /* SceneDelegate.m in Sources */ = {isa = PBXBuildFile; fileRef = DFA9C01C2624339B005ACFB1 /* SceneDelegate.m */; };
		DFA9C0202624339B005ACFB1 /* ViewController.m in Sources */ = {isa = PBXBuildFile; fileRef = DFA9C01F2624339B005ACFB1 /* ViewController.m */; };
		DFA9C0232624339B005ACFB1 /* Main.storyboard in Resources */ = {isa = PBXBuildFile; fileRef = DFA9C0212624339B005ACFB1 /* Main.storyboard */; };
		DFA9C0252624339C005ACFB1 /* Assets.xcassets in Resources */ = {isa = PBXBuildFile; fileRef = DFA9C0242624339C005ACFB1 /* Assets.xcassets */; };
		DFA9C0282624339C005ACFB1 /* LaunchScreen.storyboard in Resources */ = {isa = PBXBuildFile; fileRef = DFA9C0262624339C005ACFB1 /* LaunchScreen.storyboard */; };
		DFA9C02B2624339C005ACFB1 /* main.m in Sources */ = {isa = PBXBuildFile; fileRef = DFA9C02A2624339C005ACFB1 /* main.m */; };
		DFA9C036262433CF005ACFB1 /* TestModel.m in Sources */ = {isa = PBXBuildFile; fileRef = DFA9C035262433CF005ACFB1 /* TestModel.m */; };
/* End PBXBuildFile section */

/* Begin PBXContainerItemProxy section */
		DF5F2BC02599E2EE00FD6E1C /* PBXContainerItemProxy */ = {
			isa = PBXContainerItemProxy;
			containerPortal = DF5F2B5A2599DEFA00FD6E1C /* Project object */;
			proxyType = 1;
			remoteGlobalIDString = DF5F2BB92599E2EE00FD6E1C;
			remoteInfo = notifycation;
		};
/* End PBXContainerItemProxy section */

/* Begin PBXCopyFilesBuildPhase section */
		DF5F2BC32599E2EE00FD6E1C /* Embed App Extensions */ = {
			isa = PBXCopyFilesBuildPhase;
			buildActionMask = 2147483647;
			dstPath = "";
			dstSubfolderSpec = 13;
			files = (
				DF5F2BC22599E2EE00FD6E1C /* notifycation.appex in Embed App Extensions */,
			);
			name = "Embed App Extensions";
			runOnlyForDeploymentPostprocessing = 0;
		};
/* End PBXCopyFilesBuildPhase section */

/* Begin PBXFileReference section */
		DF17F72B268F1D5C00871C13 /* 电影院选座.app */ = {isa = PBXFileReference; explicitFileType = wrapper.application; includeInIndex = 0; path = "电影院选座.app"; sourceTree = BUILT_PRODUCTS_DIR; };
		DF17F72D268F1D5C00871C13 /* AppDelegate.h */ = {isa = PBXFileReference; lastKnownFileType = sourcecode.c.h; path = AppDelegate.h; sourceTree = "<group>"; };
		DF17F72E268F1D5C00871C13 /* AppDelegate.m */ = {isa = PBXFileReference; lastKnownFileType = sourcecode.c.objc; path = AppDelegate.m; sourceTree = "<group>"; };
		DF17F730268F1D5C00871C13 /* SceneDelegate.h */ = {isa = PBXFileReference; lastKnownFileType = sourcecode.c.h; path = SceneDelegate.h; sourceTree = "<group>"; };
		DF17F731268F1D5C00871C13 /* SceneDelegate.m */ = {isa = PBXFileReference; lastKnownFileType = sourcecode.c.objc; path = SceneDelegate.m; sourceTree = "<group>"; };
		DF17F733268F1D5C00871C13 /* ViewController.h */ = {isa = PBXFileReference; lastKnownFileType = sourcecode.c.h; path = ViewController.h; sourceTree = "<group>"; };
		DF17F734268F1D5C00871C13 /* ViewController.m */ = {isa = PBXFileReference; lastKnownFileType = sourcecode.c.objc; path = ViewController.m; sourceTree = "<group>"; };
		DF17F737268F1D5C00871C13 /* Base */ = {isa = PBXFileReference; lastKnownFileType = file.storyboard; name = Base; path = Base.lproj/Main.storyboard; sourceTree = "<group>"; };
		DF17F739268F1D5D00871C13 /* Assets.xcassets */ = {isa = PBXFileReference; lastKnownFileType = folder.assetcatalog; path = Assets.xcassets; sourceTree = "<group>"; };
		DF17F73C268F1D5D00871C13 /* Base */ = {isa = PBXFileReference; lastKnownFileType = file.storyboard; name = Base; path = Base.lproj/LaunchScreen.storyboard; sourceTree = "<group>"; };
		DF17F73E268F1D5D00871C13 /* Info.plist */ = {isa = PBXFileReference; lastKnownFileType = text.plist.xml; path = Info.plist; sourceTree = "<group>"; };
		DF17F73F268F1D5D00871C13 /* main.m */ = {isa = PBXFileReference; lastKnownFileType = sourcecode.c.objc; path = main.m; sourceTree = "<group>"; };
		DF5F2B622599DEFA00FD6E1C /* HT_ObjCDemo.app */ = {isa = PBXFileReference; explicitFileType = wrapper.application; includeInIndex = 0; path = HT_ObjCDemo.app; sourceTree = BUILT_PRODUCTS_DIR; };
		DF5F2B652599DEFA00FD6E1C /* AppDelegate.h */ = {isa = PBXFileReference; lastKnownFileType = sourcecode.c.h; path = AppDelegate.h; sourceTree = "<group>"; };
		DF5F2B662599DEFA00FD6E1C /* AppDelegate.m */ = {isa = PBXFileReference; lastKnownFileType = sourcecode.c.objc; path = AppDelegate.m; sourceTree = "<group>"; };
		DF5F2B682599DEFA00FD6E1C /* SceneDelegate.h */ = {isa = PBXFileReference; lastKnownFileType = sourcecode.c.h; path = SceneDelegate.h; sourceTree = "<group>"; };
		DF5F2B692599DEFA00FD6E1C /* SceneDelegate.m */ = {isa = PBXFileReference; lastKnownFileType = sourcecode.c.objc; path = SceneDelegate.m; sourceTree = "<group>"; };
		DF5F2B6B2599DEFA00FD6E1C /* ViewController.h */ = {isa = PBXFileReference; lastKnownFileType = sourcecode.c.h; path = ViewController.h; sourceTree = "<group>"; };
		DF5F2B6C2599DEFA00FD6E1C /* ViewController.m */ = {isa = PBXFileReference; lastKnownFileType = sourcecode.c.objc; path = ViewController.m; sourceTree = "<group>"; };
		DF5F2B6F2599DEFA00FD6E1C /* Base */ = {isa = PBXFileReference; lastKnownFileType = file.storyboard; name = Base; path = Base.lproj/Main.storyboard; sourceTree = "<group>"; };
		DF5F2B712599DEFC00FD6E1C /* Assets.xcassets */ = {isa = PBXFileReference; lastKnownFileType = folder.assetcatalog; path = Assets.xcassets; sourceTree = "<group>"; };
		DF5F2B742599DEFC00FD6E1C /* Base */ = {isa = PBXFileReference; lastKnownFileType = file.storyboard; name = Base; path = Base.lproj/LaunchScreen.storyboard; sourceTree = "<group>"; };
		DF5F2B762599DEFC00FD6E1C /* Info.plist */ = {isa = PBXFileReference; lastKnownFileType = text.plist.xml; path = Info.plist; sourceTree = "<group>"; };
		DF5F2B772599DEFC00FD6E1C /* main.m */ = {isa = PBXFileReference; lastKnownFileType = sourcecode.c.objc; path = main.m; sourceTree = "<group>"; };
		DF5F2BBA2599E2EE00FD6E1C /* notifycation.appex */ = {isa = PBXFileReference; explicitFileType = "wrapper.app-extension"; includeInIndex = 0; path = notifycation.appex; sourceTree = BUILT_PRODUCTS_DIR; };
		DF5F2BBC2599E2EE00FD6E1C /* NotificationService.h */ = {isa = PBXFileReference; lastKnownFileType = sourcecode.c.h; path = NotificationService.h; sourceTree = "<group>"; };
		DF5F2BBD2599E2EE00FD6E1C /* NotificationService.m */ = {isa = PBXFileReference; lastKnownFileType = sourcecode.c.objc; path = NotificationService.m; sourceTree = "<group>"; };
		DF5F2BBF2599E2EE00FD6E1C /* Info.plist */ = {isa = PBXFileReference; lastKnownFileType = text.plist.xml; path = Info.plist; sourceTree = "<group>"; };
		DF5F2BCD2599E84800FD6E1C /* HT_ObjCDemo.entitlements */ = {isa = PBXFileReference; lastKnownFileType = text.plist.entitlements; path = HT_ObjCDemo.entitlements; sourceTree = "<group>"; };
		DF64D0EC25E8C96C0061459E /* 绘图.app */ = {isa = PBXFileReference; explicitFileType = wrapper.application; includeInIndex = 0; path = "绘图.app"; sourceTree = BUILT_PRODUCTS_DIR; };
		DF64D0EE25E8C96C0061459E /* AppDelegate.h */ = {isa = PBXFileReference; lastKnownFileType = sourcecode.c.h; path = AppDelegate.h; sourceTree = "<group>"; };
		DF64D0EF25E8C96D0061459E /* AppDelegate.m */ = {isa = PBXFileReference; lastKnownFileType = sourcecode.c.objc; path = AppDelegate.m; sourceTree = "<group>"; };
		DF64D0F125E8C96D0061459E /* SceneDelegate.h */ = {isa = PBXFileReference; lastKnownFileType = sourcecode.c.h; path = SceneDelegate.h; sourceTree = "<group>"; };
		DF64D0F225E8C96D0061459E /* SceneDelegate.m */ = {isa = PBXFileReference; lastKnownFileType = sourcecode.c.objc; path = SceneDelegate.m; sourceTree = "<group>"; };
		DF64D0F425E8C96D0061459E /* ViewController.h */ = {isa = PBXFileReference; lastKnownFileType = sourcecode.c.h; path = ViewController.h; sourceTree = "<group>"; };
		DF64D0F525E8C96D0061459E /* ViewController.m */ = {isa = PBXFileReference; lastKnownFileType = sourcecode.c.objc; path = ViewController.m; sourceTree = "<group>"; };
		DF64D0F825E8C96D0061459E /* Base */ = {isa = PBXFileReference; lastKnownFileType = file.storyboard; name = Base; path = Base.lproj/Main.storyboard; sourceTree = "<group>"; };
		DF64D0FA25E8C96E0061459E /* Assets.xcassets */ = {isa = PBXFileReference; lastKnownFileType = folder.assetcatalog; path = Assets.xcassets; sourceTree = "<group>"; };
		DF64D0FD25E8C96E0061459E /* Base */ = {isa = PBXFileReference; lastKnownFileType = file.storyboard; name = Base; path = Base.lproj/LaunchScreen.storyboard; sourceTree = "<group>"; };
		DF64D0FF25E8C96E0061459E /* Info.plist */ = {isa = PBXFileReference; lastKnownFileType = text.plist.xml; path = Info.plist; sourceTree = "<group>"; };
		DF64D10025E8C96E0061459E /* main.m */ = {isa = PBXFileReference; lastKnownFileType = sourcecode.c.objc; path = main.m; sourceTree = "<group>"; };
		DF64D10825E8C9870061459E /* CustemView.h */ = {isa = PBXFileReference; lastKnownFileType = sourcecode.c.h; path = CustemView.h; sourceTree = "<group>"; };
		DF64D10925E8C9870061459E /* CustemView.m */ = {isa = PBXFileReference; lastKnownFileType = sourcecode.c.objc; path = CustemView.m; sourceTree = "<group>"; };
		DF7E5E1326647AF500234E8B /* 嵌套悬浮.app */ = {isa = PBXFileReference; explicitFileType = wrapper.application; includeInIndex = 0; path = "嵌套悬浮.app"; sourceTree = BUILT_PRODUCTS_DIR; };
		DF7E5E1526647AF500234E8B /* AppDelegate.h */ = {isa = PBXFileReference; lastKnownFileType = sourcecode.c.h; path = AppDelegate.h; sourceTree = "<group>"; };
		DF7E5E1626647AF500234E8B /* AppDelegate.m */ = {isa = PBXFileReference; lastKnownFileType = sourcecode.c.objc; path = AppDelegate.m; sourceTree = "<group>"; };
		DF7E5E1826647AF500234E8B /* SceneDelegate.h */ = {isa = PBXFileReference; lastKnownFileType = sourcecode.c.h; path = SceneDelegate.h; sourceTree = "<group>"; };
		DF7E5E1926647AF500234E8B /* SceneDelegate.m */ = {isa = PBXFileReference; lastKnownFileType = sourcecode.c.objc; path = SceneDelegate.m; sourceTree = "<group>"; };
		DF7E5E1B26647AF500234E8B /* ViewController.h */ = {isa = PBXFileReference; lastKnownFileType = sourcecode.c.h; path = ViewController.h; sourceTree = "<group>"; };
		DF7E5E1C26647AF500234E8B /* ViewController.m */ = {isa = PBXFileReference; lastKnownFileType = sourcecode.c.objc; path = ViewController.m; sourceTree = "<group>"; };
		DF7E5E1F26647AF500234E8B /* Base */ = {isa = PBXFileReference; lastKnownFileType = file.storyboard; name = Base; path = Base.lproj/Main.storyboard; sourceTree = "<group>"; };
		DF7E5E2126647AF600234E8B /* Assets.xcassets */ = {isa = PBXFileReference; lastKnownFileType = folder.assetcatalog; path = Assets.xcassets; sourceTree = "<group>"; };
		DF7E5E2426647AF600234E8B /* Base */ = {isa = PBXFileReference; lastKnownFileType = file.storyboard; name = Base; path = Base.lproj/LaunchScreen.storyboard; sourceTree = "<group>"; };
		DF7E5E2626647AF600234E8B /* Info.plist */ = {isa = PBXFileReference; lastKnownFileType = text.plist.xml; path = Info.plist; sourceTree = "<group>"; };
		DF7E5E2726647AF600234E8B /* main.m */ = {isa = PBXFileReference; lastKnownFileType = sourcecode.c.objc; path = main.m; sourceTree = "<group>"; };
		DF7E5E632665CEBA00234E8B /* MyContainerView.h */ = {isa = PBXFileReference; fileEncoding = 4; lastKnownFileType = sourcecode.c.h; path = MyContainerView.h; sourceTree = "<group>"; };
		DF7E5E662665CEBA00234E8B /* MyContainerView.m */ = {isa = PBXFileReference; fileEncoding = 4; lastKnownFileType = sourcecode.c.objc; path = MyContainerView.m; sourceTree = "<group>"; };
		DF958544266F609400181062 /* Runloop线程常驻.app */ = {isa = PBXFileReference; explicitFileType = wrapper.application; includeInIndex = 0; path = "Runloop线程常驻.app"; sourceTree = BUILT_PRODUCTS_DIR; };
		DF958546266F609400181062 /* AppDelegate.h */ = {isa = PBXFileReference; lastKnownFileType = sourcecode.c.h; path = AppDelegate.h; sourceTree = "<group>"; };
		DF958547266F609400181062 /* AppDelegate.m */ = {isa = PBXFileReference; lastKnownFileType = sourcecode.c.objc; path = AppDelegate.m; sourceTree = "<group>"; };
		DF958549266F609400181062 /* SceneDelegate.h */ = {isa = PBXFileReference; lastKnownFileType = sourcecode.c.h; path = SceneDelegate.h; sourceTree = "<group>"; };
		DF95854A266F609400181062 /* SceneDelegate.m */ = {isa = PBXFileReference; lastKnownFileType = sourcecode.c.objc; path = SceneDelegate.m; sourceTree = "<group>"; };
		DF95854C266F609400181062 /* ViewController.h */ = {isa = PBXFileReference; lastKnownFileType = sourcecode.c.h; path = ViewController.h; sourceTree = "<group>"; };
		DF95854D266F609400181062 /* ViewController.m */ = {isa = PBXFileReference; lastKnownFileType = sourcecode.c.objc; path = ViewController.m; sourceTree = "<group>"; };
		DF958550266F609400181062 /* Base */ = {isa = PBXFileReference; lastKnownFileType = file.storyboard; name = Base; path = Base.lproj/Main.storyboard; sourceTree = "<group>"; };
		DF958552266F609500181062 /* Assets.xcassets */ = {isa = PBXFileReference; lastKnownFileType = folder.assetcatalog; path = Assets.xcassets; sourceTree = "<group>"; };
		DF958555266F609500181062 /* Base */ = {isa = PBXFileReference; lastKnownFileType = file.storyboard; name = Base; path = Base.lproj/LaunchScreen.storyboard; sourceTree = "<group>"; };
		DF958557266F609500181062 /* Info.plist */ = {isa = PBXFileReference; lastKnownFileType = text.plist.xml; path = Info.plist; sourceTree = "<group>"; };
		DF958558266F609500181062 /* main.m */ = {isa = PBXFileReference; lastKnownFileType = sourcecode.c.objc; path = main.m; sourceTree = "<group>"; };
		DF958563266F60BF00181062 /* MyThread.h */ = {isa = PBXFileReference; lastKnownFileType = sourcecode.c.h; path = MyThread.h; sourceTree = "<group>"; };
		DF958564266F60BF00181062 /* MyThread.m */ = {isa = PBXFileReference; lastKnownFileType = sourcecode.c.objc; path = MyThread.m; sourceTree = "<group>"; };
		DF95856C266F676700181062 /* SectondViewController.h */ = {isa = PBXFileReference; lastKnownFileType = sourcecode.c.h; path = SectondViewController.h; sourceTree = "<group>"; };
		DF95856D266F676700181062 /* SectondViewController.m */ = {isa = PBXFileReference; lastKnownFileType = sourcecode.c.objc; path = SectondViewController.m; sourceTree = "<group>"; };
		DF9585792670503800181062 /* 深复制与浅复制.app */ = {isa = PBXFileReference; explicitFileType = wrapper.application; includeInIndex = 0; path = "深复制与浅复制.app"; sourceTree = BUILT_PRODUCTS_DIR; };
		DF95857B2670503800181062 /* AppDelegate.h */ = {isa = PBXFileReference; lastKnownFileType = sourcecode.c.h; path = AppDelegate.h; sourceTree = "<group>"; };
		DF95857C2670503800181062 /* AppDelegate.m */ = {isa = PBXFileReference; lastKnownFileType = sourcecode.c.objc; path = AppDelegate.m; sourceTree = "<group>"; };
		DF95857E2670503800181062 /* SceneDelegate.h */ = {isa = PBXFileReference; lastKnownFileType = sourcecode.c.h; path = SceneDelegate.h; sourceTree = "<group>"; };
		DF95857F2670503800181062 /* SceneDelegate.m */ = {isa = PBXFileReference; lastKnownFileType = sourcecode.c.objc; path = SceneDelegate.m; sourceTree = "<group>"; };
		DF9585812670503800181062 /* ViewController.h */ = {isa = PBXFileReference; lastKnownFileType = sourcecode.c.h; path = ViewController.h; sourceTree = "<group>"; };
		DF9585822670503800181062 /* ViewController.m */ = {isa = PBXFileReference; lastKnownFileType = sourcecode.c.objc; path = ViewController.m; sourceTree = "<group>"; };
		DF9585852670503800181062 /* Base */ = {isa = PBXFileReference; lastKnownFileType = file.storyboard; name = Base; path = Base.lproj/Main.storyboard; sourceTree = "<group>"; };
		DF9585872670503900181062 /* Assets.xcassets */ = {isa = PBXFileReference; lastKnownFileType = folder.assetcatalog; path = Assets.xcassets; sourceTree = "<group>"; };
		DF95858A2670503900181062 /* Base */ = {isa = PBXFileReference; lastKnownFileType = file.storyboard; name = Base; path = Base.lproj/LaunchScreen.storyboard; sourceTree = "<group>"; };
		DF95858C2670503900181062 /* Info.plist */ = {isa = PBXFileReference; lastKnownFileType = text.plist.xml; path = Info.plist; sourceTree = "<group>"; };
		DF95858D2670503900181062 /* main.m */ = {isa = PBXFileReference; lastKnownFileType = sourcecode.c.objc; path = main.m; sourceTree = "<group>"; };
		DFA9C0162624339B005ACFB1 /* 谓词Demo.app */ = {isa = PBXFileReference; explicitFileType = wrapper.application; includeInIndex = 0; path = "谓词Demo.app"; sourceTree = BUILT_PRODUCTS_DIR; };
		DFA9C0182624339B005ACFB1 /* AppDelegate.h */ = {isa = PBXFileReference; lastKnownFileType = sourcecode.c.h; path = AppDelegate.h; sourceTree = "<group>"; };
		DFA9C0192624339B005ACFB1 /* AppDelegate.m */ = {isa = PBXFileReference; lastKnownFileType = sourcecode.c.objc; path = AppDelegate.m; sourceTree = "<group>"; };
		DFA9C01B2624339B005ACFB1 /* SceneDelegate.h */ = {isa = PBXFileReference; lastKnownFileType = sourcecode.c.h; path = SceneDelegate.h; sourceTree = "<group>"; };
		DFA9C01C2624339B005ACFB1 /* SceneDelegate.m */ = {isa = PBXFileReference; lastKnownFileType = sourcecode.c.objc; path = SceneDelegate.m; sourceTree = "<group>"; };
		DFA9C01E2624339B005ACFB1 /* ViewController.h */ = {isa = PBXFileReference; lastKnownFileType = sourcecode.c.h; path = ViewController.h; sourceTree = "<group>"; };
		DFA9C01F2624339B005ACFB1 /* ViewController.m */ = {isa = PBXFileReference; lastKnownFileType = sourcecode.c.objc; path = ViewController.m; sourceTree = "<group>"; };
		DFA9C0222624339B005ACFB1 /* Base */ = {isa = PBXFileReference; lastKnownFileType = file.storyboard; name = Base; path = Base.lproj/Main.storyboard; sourceTree = "<group>"; };
		DFA9C0242624339C005ACFB1 /* Assets.xcassets */ = {isa = PBXFileReference; lastKnownFileType = folder.assetcatalog; path = Assets.xcassets; sourceTree = "<group>"; };
		DFA9C0272624339C005ACFB1 /* Base */ = {isa = PBXFileReference; lastKnownFileType = file.storyboard; name = Base; path = Base.lproj/LaunchScreen.storyboard; sourceTree = "<group>"; };
		DFA9C0292624339C005ACFB1 /* Info.plist */ = {isa = PBXFileReference; lastKnownFileType = text.plist.xml; path = Info.plist; sourceTree = "<group>"; };
		DFA9C02A2624339C005ACFB1 /* main.m */ = {isa = PBXFileReference; lastKnownFileType = sourcecode.c.objc; path = main.m; sourceTree = "<group>"; };
		DFA9C034262433CF005ACFB1 /* TestModel.h */ = {isa = PBXFileReference; lastKnownFileType = sourcecode.c.h; path = TestModel.h; sourceTree = "<group>"; };
		DFA9C035262433CF005ACFB1 /* TestModel.m */ = {isa = PBXFileReference; lastKnownFileType = sourcecode.c.objc; path = TestModel.m; sourceTree = "<group>"; };
/* End PBXFileReference section */

/* Begin PBXFrameworksBuildPhase section */
		DF17F728268F1D5C00871C13 /* Frameworks */ = {
			isa = PBXFrameworksBuildPhase;
			buildActionMask = 2147483647;
			files = (
			);
			runOnlyForDeploymentPostprocessing = 0;
		};
		DF5F2B5F2599DEFA00FD6E1C /* Frameworks */ = {
			isa = PBXFrameworksBuildPhase;
			buildActionMask = 2147483647;
			files = (
			);
			runOnlyForDeploymentPostprocessing = 0;
		};
		DF5F2BB72599E2EE00FD6E1C /* Frameworks */ = {
			isa = PBXFrameworksBuildPhase;
			buildActionMask = 2147483647;
			files = (
			);
			runOnlyForDeploymentPostprocessing = 0;
		};
		DF64D0E925E8C96C0061459E /* Frameworks */ = {
			isa = PBXFrameworksBuildPhase;
			buildActionMask = 2147483647;
			files = (
			);
			runOnlyForDeploymentPostprocessing = 0;
		};
		DF7E5E1026647AF500234E8B /* Frameworks */ = {
			isa = PBXFrameworksBuildPhase;
			buildActionMask = 2147483647;
			files = (
			);
			runOnlyForDeploymentPostprocessing = 0;
		};
		DF958541266F609400181062 /* Frameworks */ = {
			isa = PBXFrameworksBuildPhase;
			buildActionMask = 2147483647;
			files = (
			);
			runOnlyForDeploymentPostprocessing = 0;
		};
		DF9585762670503800181062 /* Frameworks */ = {
			isa = PBXFrameworksBuildPhase;
			buildActionMask = 2147483647;
			files = (
			);
			runOnlyForDeploymentPostprocessing = 0;
		};
		DFA9C0132624339B005ACFB1 /* Frameworks */ = {
			isa = PBXFrameworksBuildPhase;
			buildActionMask = 2147483647;
			files = (
			);
			runOnlyForDeploymentPostprocessing = 0;
		};
/* End PBXFrameworksBuildPhase section */

/* Begin PBXGroup section */
		DF17F72C268F1D5C00871C13 /* 电影院选座 */ = {
			isa = PBXGroup;
			children = (
				DF17F72D268F1D5C00871C13 /* AppDelegate.h */,
				DF17F72E268F1D5C00871C13 /* AppDelegate.m */,
				DF17F730268F1D5C00871C13 /* SceneDelegate.h */,
				DF17F731268F1D5C00871C13 /* SceneDelegate.m */,
				DF17F733268F1D5C00871C13 /* ViewController.h */,
				DF17F734268F1D5C00871C13 /* ViewController.m */,
				DF17F736268F1D5C00871C13 /* Main.storyboard */,
				DF17F739268F1D5D00871C13 /* Assets.xcassets */,
				DF17F73B268F1D5D00871C13 /* LaunchScreen.storyboard */,
				DF17F73E268F1D5D00871C13 /* Info.plist */,
				DF17F73F268F1D5D00871C13 /* main.m */,
			);
			path = "电影院选座";
			sourceTree = "<group>";
		};
		DF5F2B592599DEFA00FD6E1C = {
			isa = PBXGroup;
			children = (
				DF5F2B642599DEFA00FD6E1C /* HT_ObjCDemo */,
				DF5F2BBB2599E2EE00FD6E1C /* notifycation */,
				DF64D0ED25E8C96C0061459E /* 绘图 */,
				DFA9C0172624339B005ACFB1 /* 谓词Demo */,
				DF7E5E1426647AF500234E8B /* 嵌套悬浮 */,
				DF958545266F609400181062 /* Runloop线程常驻 */,
				DF95857A2670503800181062 /* 深复制与浅复制 */,
				DF17F72C268F1D5C00871C13 /* 电影院选座 */,
				DF5F2B632599DEFA00FD6E1C /* Products */,
			);
			sourceTree = "<group>";
		};
		DF5F2B632599DEFA00FD6E1C /* Products */ = {
			isa = PBXGroup;
			children = (
				DF5F2B622599DEFA00FD6E1C /* HT_ObjCDemo.app */,
				DF5F2BBA2599E2EE00FD6E1C /* notifycation.appex */,
				DF64D0EC25E8C96C0061459E /* 绘图.app */,
				DFA9C0162624339B005ACFB1 /* 谓词Demo.app */,
				DF7E5E1326647AF500234E8B /* 嵌套悬浮.app */,
				DF958544266F609400181062 /* Runloop线程常驻.app */,
				DF9585792670503800181062 /* 深复制与浅复制.app */,
				DF17F72B268F1D5C00871C13 /* 电影院选座.app */,
			);
			name = Products;
			sourceTree = "<group>";
		};
		DF5F2B642599DEFA00FD6E1C /* HT_ObjCDemo */ = {
			isa = PBXGroup;
			children = (
				DF5F2BCD2599E84800FD6E1C /* HT_ObjCDemo.entitlements */,
				DF5F2B652599DEFA00FD6E1C /* AppDelegate.h */,
				DF5F2B662599DEFA00FD6E1C /* AppDelegate.m */,
				DF5F2B682599DEFA00FD6E1C /* SceneDelegate.h */,
				DF5F2B692599DEFA00FD6E1C /* SceneDelegate.m */,
				DF5F2B6B2599DEFA00FD6E1C /* ViewController.h */,
				DF5F2B6C2599DEFA00FD6E1C /* ViewController.m */,
				DF5F2B6E2599DEFA00FD6E1C /* Main.storyboard */,
				DF5F2B712599DEFC00FD6E1C /* Assets.xcassets */,
				DF5F2B732599DEFC00FD6E1C /* LaunchScreen.storyboard */,
				DF5F2B762599DEFC00FD6E1C /* Info.plist */,
				DF5F2B772599DEFC00FD6E1C /* main.m */,
			);
			path = HT_ObjCDemo;
			sourceTree = "<group>";
		};
		DF5F2BBB2599E2EE00FD6E1C /* notifycation */ = {
			isa = PBXGroup;
			children = (
				DF5F2BBC2599E2EE00FD6E1C /* NotificationService.h */,
				DF5F2BBD2599E2EE00FD6E1C /* NotificationService.m */,
				DF5F2BBF2599E2EE00FD6E1C /* Info.plist */,
			);
			path = notifycation;
			sourceTree = "<group>";
		};
		DF64D0ED25E8C96C0061459E /* 绘图 */ = {
			isa = PBXGroup;
			children = (
				DF64D0EE25E8C96C0061459E /* AppDelegate.h */,
				DF64D0EF25E8C96D0061459E /* AppDelegate.m */,
				DF64D0F125E8C96D0061459E /* SceneDelegate.h */,
				DF64D0F225E8C96D0061459E /* SceneDelegate.m */,
				DF64D0F425E8C96D0061459E /* ViewController.h */,
				DF64D0F525E8C96D0061459E /* ViewController.m */,
				DF64D0F725E8C96D0061459E /* Main.storyboard */,
				DF64D0FA25E8C96E0061459E /* Assets.xcassets */,
				DF64D0FC25E8C96E0061459E /* LaunchScreen.storyboard */,
				DF64D0FF25E8C96E0061459E /* Info.plist */,
				DF64D10025E8C96E0061459E /* main.m */,
				DF64D10825E8C9870061459E /* CustemView.h */,
				DF64D10925E8C9870061459E /* CustemView.m */,
			);
			path = "绘图";
			sourceTree = "<group>";
		};
		DF7E5E1426647AF500234E8B /* 嵌套悬浮 */ = {
			isa = PBXGroup;
			children = (
				DF7E5E3126647B2000234E8B /* View */,
				DF7E5E1526647AF500234E8B /* AppDelegate.h */,
				DF7E5E1626647AF500234E8B /* AppDelegate.m */,
				DF7E5E1826647AF500234E8B /* SceneDelegate.h */,
				DF7E5E1926647AF500234E8B /* SceneDelegate.m */,
				DF7E5E1B26647AF500234E8B /* ViewController.h */,
				DF7E5E1C26647AF500234E8B /* ViewController.m */,
				DF7E5E1E26647AF500234E8B /* Main.storyboard */,
				DF7E5E2126647AF600234E8B /* Assets.xcassets */,
				DF7E5E2326647AF600234E8B /* LaunchScreen.storyboard */,
				DF7E5E2626647AF600234E8B /* Info.plist */,
				DF7E5E2726647AF600234E8B /* main.m */,
			);
			path = "嵌套悬浮";
			sourceTree = "<group>";
		};
		DF7E5E3126647B2000234E8B /* View */ = {
			isa = PBXGroup;
			children = (
				DF7E5E632665CEBA00234E8B /* MyContainerView.h */,
				DF7E5E662665CEBA00234E8B /* MyContainerView.m */,
			);
			path = View;
			sourceTree = "<group>";
		};
		DF958545266F609400181062 /* Runloop线程常驻 */ = {
			isa = PBXGroup;
			children = (
				DF958546266F609400181062 /* AppDelegate.h */,
				DF958547266F609400181062 /* AppDelegate.m */,
				DF958549266F609400181062 /* SceneDelegate.h */,
				DF95854A266F609400181062 /* SceneDelegate.m */,
				DF95854C266F609400181062 /* ViewController.h */,
				DF95854D266F609400181062 /* ViewController.m */,
				DF95854F266F609400181062 /* Main.storyboard */,
				DF958552266F609500181062 /* Assets.xcassets */,
				DF958554266F609500181062 /* LaunchScreen.storyboard */,
				DF958557266F609500181062 /* Info.plist */,
				DF958558266F609500181062 /* main.m */,
				DF958563266F60BF00181062 /* MyThread.h */,
				DF958564266F60BF00181062 /* MyThread.m */,
				DF95856C266F676700181062 /* SectondViewController.h */,
				DF95856D266F676700181062 /* SectondViewController.m */,
			);
			path = "Runloop线程常驻";
			sourceTree = "<group>";
		};
		DF95857A2670503800181062 /* 深复制与浅复制 */ = {
			isa = PBXGroup;
			children = (
				DF95857B2670503800181062 /* AppDelegate.h */,
				DF95857C2670503800181062 /* AppDelegate.m */,
				DF95857E2670503800181062 /* SceneDelegate.h */,
				DF95857F2670503800181062 /* SceneDelegate.m */,
				DF9585812670503800181062 /* ViewController.h */,
				DF9585822670503800181062 /* ViewController.m */,
				DF9585842670503800181062 /* Main.storyboard */,
				DF9585872670503900181062 /* Assets.xcassets */,
				DF9585892670503900181062 /* LaunchScreen.storyboard */,
				DF95858C2670503900181062 /* Info.plist */,
				DF95858D2670503900181062 /* main.m */,
			);
			path = "深复制与浅复制";
			sourceTree = "<group>";
		};
		DFA9C0172624339B005ACFB1 /* 谓词Demo */ = {
			isa = PBXGroup;
			children = (
				DFA9C033262433AD005ACFB1 /* Model */,
				DFA9C0182624339B005ACFB1 /* AppDelegate.h */,
				DFA9C0192624339B005ACFB1 /* AppDelegate.m */,
				DFA9C01B2624339B005ACFB1 /* SceneDelegate.h */,
				DFA9C01C2624339B005ACFB1 /* SceneDelegate.m */,
				DFA9C01E2624339B005ACFB1 /* ViewController.h */,
				DFA9C01F2624339B005ACFB1 /* ViewController.m */,
				DFA9C0212624339B005ACFB1 /* Main.storyboard */,
				DFA9C0242624339C005ACFB1 /* Assets.xcassets */,
				DFA9C0262624339C005ACFB1 /* LaunchScreen.storyboard */,
				DFA9C0292624339C005ACFB1 /* Info.plist */,
				DFA9C02A2624339C005ACFB1 /* main.m */,
			);
			path = "谓词Demo";
			sourceTree = "<group>";
		};
		DFA9C033262433AD005ACFB1 /* Model */ = {
			isa = PBXGroup;
			children = (
				DFA9C034262433CF005ACFB1 /* TestModel.h */,
				DFA9C035262433CF005ACFB1 /* TestModel.m */,
			);
			path = Model;
			sourceTree = "<group>";
		};
/* End PBXGroup section */

/* Begin PBXNativeTarget section */
		DF17F72A268F1D5C00871C13 /* 电影院选座 */ = {
			isa = PBXNativeTarget;
			buildConfigurationList = DF17F743268F1D5D00871C13 /* Build configuration list for PBXNativeTarget "电影院选座" */;
			buildPhases = (
				DF17F727268F1D5C00871C13 /* Sources */,
				DF17F728268F1D5C00871C13 /* Frameworks */,
				DF17F729268F1D5C00871C13 /* Resources */,
			);
			buildRules = (
			);
			dependencies = (
			);
			name = "电影院选座";
			productName = "电影院选座";
			productReference = DF17F72B268F1D5C00871C13 /* 电影院选座.app */;
			productType = "com.apple.product-type.application";
		};
		DF5F2B612599DEFA00FD6E1C /* HT_ObjCDemo */ = {
			isa = PBXNativeTarget;
			buildConfigurationList = DF5F2B7B2599DEFC00FD6E1C /* Build configuration list for PBXNativeTarget "HT_ObjCDemo" */;
			buildPhases = (
				DF5F2B5E2599DEFA00FD6E1C /* Sources */,
				DF5F2B5F2599DEFA00FD6E1C /* Frameworks */,
				DF5F2B602599DEFA00FD6E1C /* Resources */,
				DF5F2BC32599E2EE00FD6E1C /* Embed App Extensions */,
			);
			buildRules = (
			);
			dependencies = (
				DF5F2BC12599E2EE00FD6E1C /* PBXTargetDependency */,
			);
			name = HT_ObjCDemo;
			productName = HT_ObjCDemo;
			productReference = DF5F2B622599DEFA00FD6E1C /* HT_ObjCDemo.app */;
			productType = "com.apple.product-type.application";
		};
		DF5F2BB92599E2EE00FD6E1C /* notifycation */ = {
			isa = PBXNativeTarget;
			buildConfigurationList = DF5F2BC62599E2EE00FD6E1C /* Build configuration list for PBXNativeTarget "notifycation" */;
			buildPhases = (
				DF5F2BB62599E2EE00FD6E1C /* Sources */,
				DF5F2BB72599E2EE00FD6E1C /* Frameworks */,
				DF5F2BB82599E2EE00FD6E1C /* Resources */,
			);
			buildRules = (
			);
			dependencies = (
			);
			name = notifycation;
			productName = notifycation;
			productReference = DF5F2BBA2599E2EE00FD6E1C /* notifycation.appex */;
			productType = "com.apple.product-type.app-extension";
		};
		DF64D0EB25E8C96C0061459E /* 绘图 */ = {
			isa = PBXNativeTarget;
			buildConfigurationList = DF64D10425E8C96E0061459E /* Build configuration list for PBXNativeTarget "绘图" */;
			buildPhases = (
				DF64D0E825E8C96C0061459E /* Sources */,
				DF64D0E925E8C96C0061459E /* Frameworks */,
				DF64D0EA25E8C96C0061459E /* Resources */,
			);
			buildRules = (
			);
			dependencies = (
			);
			name = "绘图";
			productName = "绘图";
			productReference = DF64D0EC25E8C96C0061459E /* 绘图.app */;
			productType = "com.apple.product-type.application";
		};
		DF7E5E1226647AF500234E8B /* 嵌套悬浮 */ = {
			isa = PBXNativeTarget;
			buildConfigurationList = DF7E5E2B26647AF600234E8B /* Build configuration list for PBXNativeTarget "嵌套悬浮" */;
			buildPhases = (
				DF7E5E0F26647AF500234E8B /* Sources */,
				DF7E5E1026647AF500234E8B /* Frameworks */,
				DF7E5E1126647AF500234E8B /* Resources */,
			);
			buildRules = (
			);
			dependencies = (
			);
			name = "嵌套悬浮";
			productName = "嵌套悬浮";
			productReference = DF7E5E1326647AF500234E8B /* 嵌套悬浮.app */;
			productType = "com.apple.product-type.application";
		};
		DF958543266F609400181062 /* Runloop线程常驻 */ = {
			isa = PBXNativeTarget;
			buildConfigurationList = DF95855C266F609500181062 /* Build configuration list for PBXNativeTarget "Runloop线程常驻" */;
			buildPhases = (
				DF958540266F609400181062 /* Sources */,
				DF958541266F609400181062 /* Frameworks */,
				DF958542266F609400181062 /* Resources */,
			);
			buildRules = (
			);
			dependencies = (
			);
			name = "Runloop线程常驻";
			productName = "Runloop线程常驻";
			productReference = DF958544266F609400181062 /* Runloop线程常驻.app */;
			productType = "com.apple.product-type.application";
		};
		DF9585782670503800181062 /* 深复制与浅复制 */ = {
			isa = PBXNativeTarget;
			buildConfigurationList = DF95858F2670503900181062 /* Build configuration list for PBXNativeTarget "深复制与浅复制" */;
			buildPhases = (
				DF9585752670503800181062 /* Sources */,
				DF9585762670503800181062 /* Frameworks */,
				DF9585772670503800181062 /* Resources */,
			);
			buildRules = (
			);
			dependencies = (
			);
			name = "深复制与浅复制";
			productName = "深复制与浅复制";
			productReference = DF9585792670503800181062 /* 深复制与浅复制.app */;
			productType = "com.apple.product-type.application";
		};
		DFA9C0152624339B005ACFB1 /* 谓词Demo */ = {
			isa = PBXNativeTarget;
			buildConfigurationList = DFA9C02E2624339C005ACFB1 /* Build configuration list for PBXNativeTarget "谓词Demo" */;
			buildPhases = (
				DFA9C0122624339B005ACFB1 /* Sources */,
				DFA9C0132624339B005ACFB1 /* Frameworks */,
				DFA9C0142624339B005ACFB1 /* Resources */,
			);
			buildRules = (
			);
			dependencies = (
			);
			name = "谓词Demo";
			productName = "谓词Demo";
			productReference = DFA9C0162624339B005ACFB1 /* 谓词Demo.app */;
			productType = "com.apple.product-type.application";
		};
/* End PBXNativeTarget section */

/* Begin PBXProject section */
		DF5F2B5A2599DEFA00FD6E1C /* Project object */ = {
			isa = PBXProject;
			attributes = {
				LastUpgradeCheck = 1230;
				TargetAttributes = {
					DF17F72A268F1D5C00871C13 = {
						CreatedOnToolsVersion = 12.4;
					};
					DF5F2B612599DEFA00FD6E1C = {
						CreatedOnToolsVersion = 12.3;
					};
					DF5F2BB92599E2EE00FD6E1C = {
						CreatedOnToolsVersion = 12.3;
					};
					DF64D0EB25E8C96C0061459E = {
						CreatedOnToolsVersion = 12.4;
					};
					DF7E5E1226647AF500234E8B = {
						CreatedOnToolsVersion = 12.4;
					};
					DF958543266F609400181062 = {
						CreatedOnToolsVersion = 12.4;
					};
					DF9585782670503800181062 = {
						CreatedOnToolsVersion = 12.4;
					};
					DFA9C0152624339B005ACFB1 = {
						CreatedOnToolsVersion = 12.4;
					};
				};
			};
			buildConfigurationList = DF5F2B5D2599DEFA00FD6E1C /* Build configuration list for PBXProject "HT_ObjCDemo" */;
			compatibilityVersion = "Xcode 9.3";
			developmentRegion = en;
			hasScannedForEncodings = 0;
			knownRegions = (
				en,
				Base,
			);
			mainGroup = DF5F2B592599DEFA00FD6E1C;
			productRefGroup = DF5F2B632599DEFA00FD6E1C /* Products */;
			projectDirPath = "";
			projectRoot = "";
			targets = (
				DF5F2B612599DEFA00FD6E1C /* HT_ObjCDemo */,
				DF5F2BB92599E2EE00FD6E1C /* notifycation */,
				DF64D0EB25E8C96C0061459E /* 绘图 */,
				DFA9C0152624339B005ACFB1 /* 谓词Demo */,
				DF7E5E1226647AF500234E8B /* 嵌套悬浮 */,
				DF958543266F609400181062 /* Runloop线程常驻 */,
				DF9585782670503800181062 /* 深复制与浅复制 */,
				DF17F72A268F1D5C00871C13 /* 电影院选座 */,
			);
		};
/* End PBXProject section */

/* Begin PBXResourcesBuildPhase section */
		DF17F729268F1D5C00871C13 /* Resources */ = {
			isa = PBXResourcesBuildPhase;
			buildActionMask = 2147483647;
			files = (
				DF17F73D268F1D5D00871C13 /* LaunchScreen.storyboard in Resources */,
				DF17F73A268F1D5D00871C13 /* Assets.xcassets in Resources */,
				DF17F738268F1D5C00871C13 /* Main.storyboard in Resources */,
			);
			runOnlyForDeploymentPostprocessing = 0;
		};
		DF5F2B602599DEFA00FD6E1C /* Resources */ = {
			isa = PBXResourcesBuildPhase;
			buildActionMask = 2147483647;
			files = (
				DF5F2B752599DEFC00FD6E1C /* LaunchScreen.storyboard in Resources */,
				DF5F2B722599DEFC00FD6E1C /* Assets.xcassets in Resources */,
				DF5F2B702599DEFA00FD6E1C /* Main.storyboard in Resources */,
			);
			runOnlyForDeploymentPostprocessing = 0;
		};
		DF5F2BB82599E2EE00FD6E1C /* Resources */ = {
			isa = PBXResourcesBuildPhase;
			buildActionMask = 2147483647;
			files = (
			);
			runOnlyForDeploymentPostprocessing = 0;
		};
		DF64D0EA25E8C96C0061459E /* Resources */ = {
			isa = PBXResourcesBuildPhase;
			buildActionMask = 2147483647;
			files = (
				DF64D0FE25E8C96E0061459E /* LaunchScreen.storyboard in Resources */,
				DF64D0FB25E8C96E0061459E /* Assets.xcassets in Resources */,
				DF64D0F925E8C96D0061459E /* Main.storyboard in Resources */,
			);
			runOnlyForDeploymentPostprocessing = 0;
		};
		DF7E5E1126647AF500234E8B /* Resources */ = {
			isa = PBXResourcesBuildPhase;
			buildActionMask = 2147483647;
			files = (
				DF7E5E2526647AF600234E8B /* LaunchScreen.storyboard in Resources */,
				DF7E5E2226647AF600234E8B /* Assets.xcassets in Resources */,
				DF7E5E2026647AF500234E8B /* Main.storyboard in Resources */,
			);
			runOnlyForDeploymentPostprocessing = 0;
		};
		DF958542266F609400181062 /* Resources */ = {
			isa = PBXResourcesBuildPhase;
			buildActionMask = 2147483647;
			files = (
				DF958556266F609500181062 /* LaunchScreen.storyboard in Resources */,
				DF958553266F609500181062 /* Assets.xcassets in Resources */,
				DF958551266F609400181062 /* Main.storyboard in Resources */,
			);
			runOnlyForDeploymentPostprocessing = 0;
		};
		DF9585772670503800181062 /* Resources */ = {
			isa = PBXResourcesBuildPhase;
			buildActionMask = 2147483647;
			files = (
				DF95858B2670503900181062 /* LaunchScreen.storyboard in Resources */,
				DF9585882670503900181062 /* Assets.xcassets in Resources */,
				DF9585862670503800181062 /* Main.storyboard in Resources */,
			);
			runOnlyForDeploymentPostprocessing = 0;
		};
		DFA9C0142624339B005ACFB1 /* Resources */ = {
			isa = PBXResourcesBuildPhase;
			buildActionMask = 2147483647;
			files = (
				DFA9C0282624339C005ACFB1 /* LaunchScreen.storyboard in Resources */,
				DFA9C0252624339C005ACFB1 /* Assets.xcassets in Resources */,
				DFA9C0232624339B005ACFB1 /* Main.storyboard in Resources */,
			);
			runOnlyForDeploymentPostprocessing = 0;
		};
/* End PBXResourcesBuildPhase section */

/* Begin PBXSourcesBuildPhase section */
		DF17F727268F1D5C00871C13 /* Sources */ = {
			isa = PBXSourcesBuildPhase;
			buildActionMask = 2147483647;
			files = (
				DF17F735268F1D5C00871C13 /* ViewController.m in Sources */,
				DF17F72F268F1D5C00871C13 /* AppDelegate.m in Sources */,
				DF17F740268F1D5D00871C13 /* main.m in Sources */,
				DF17F732268F1D5C00871C13 /* SceneDelegate.m in Sources */,
			);
			runOnlyForDeploymentPostprocessing = 0;
		};
		DF5F2B5E2599DEFA00FD6E1C /* Sources */ = {
			isa = PBXSourcesBuildPhase;
			buildActionMask = 2147483647;
			files = (
				DF5F2B6D2599DEFA00FD6E1C /* ViewController.m in Sources */,
				DF5F2B672599DEFA00FD6E1C /* AppDelegate.m in Sources */,
				DF5F2B782599DEFC00FD6E1C /* main.m in Sources */,
				DF5F2B6A2599DEFA00FD6E1C /* SceneDelegate.m in Sources */,
			);
			runOnlyForDeploymentPostprocessing = 0;
		};
		DF5F2BB62599E2EE00FD6E1C /* Sources */ = {
			isa = PBXSourcesBuildPhase;
			buildActionMask = 2147483647;
			files = (
				DF5F2BBE2599E2EE00FD6E1C /* NotificationService.m in Sources */,
			);
			runOnlyForDeploymentPostprocessing = 0;
		};
		DF64D0E825E8C96C0061459E /* Sources */ = {
			isa = PBXSourcesBuildPhase;
			buildActionMask = 2147483647;
			files = (
				DF64D0F625E8C96D0061459E /* ViewController.m in Sources */,
				DF64D0F025E8C96D0061459E /* AppDelegate.m in Sources */,
				DF64D10A25E8C9870061459E /* CustemView.m in Sources */,
				DF64D10125E8C96E0061459E /* main.m in Sources */,
				DF64D0F325E8C96D0061459E /* SceneDelegate.m in Sources */,
			);
			runOnlyForDeploymentPostprocessing = 0;
		};
		DF7E5E0F26647AF500234E8B /* Sources */ = {
			isa = PBXSourcesBuildPhase;
			buildActionMask = 2147483647;
			files = (
				DF7E5E1D26647AF500234E8B /* ViewController.m in Sources */,
				DF7E5E1726647AF500234E8B /* AppDelegate.m in Sources */,
				DF7E5E692665CEBA00234E8B /* MyContainerView.m in Sources */,
				DF7E5E2826647AF600234E8B /* main.m in Sources */,
				DF7E5E1A26647AF500234E8B /* SceneDelegate.m in Sources */,
			);
			runOnlyForDeploymentPostprocessing = 0;
		};
		DF958540266F609400181062 /* Sources */ = {
			isa = PBXSourcesBuildPhase;
			buildActionMask = 2147483647;
			files = (
				DF95854E266F609400181062 /* ViewController.m in Sources */,
				DF958548266F609400181062 /* AppDelegate.m in Sources */,
				DF958559266F609500181062 /* main.m in Sources */,
				DF95856E266F676700181062 /* SectondViewController.m in Sources */,
				DF958565266F60BF00181062 /* MyThread.m in Sources */,
				DF95854B266F609400181062 /* SceneDelegate.m in Sources */,
			);
			runOnlyForDeploymentPostprocessing = 0;
		};
		DF9585752670503800181062 /* Sources */ = {
			isa = PBXSourcesBuildPhase;
			buildActionMask = 2147483647;
			files = (
				DF9585832670503800181062 /* ViewController.m in Sources */,
				DF95857D2670503800181062 /* AppDelegate.m in Sources */,
				DF95858E2670503900181062 /* main.m in Sources */,
				DF9585802670503800181062 /* SceneDelegate.m in Sources */,
			);
			runOnlyForDeploymentPostprocessing = 0;
		};
		DFA9C0122624339B005ACFB1 /* Sources */ = {
			isa = PBXSourcesBuildPhase;
			buildActionMask = 2147483647;
			files = (
				DFA9C0202624339B005ACFB1 /* ViewController.m in Sources */,
				DFA9C036262433CF005ACFB1 /* TestModel.m in Sources */,
				DFA9C01A2624339B005ACFB1 /* AppDelegate.m in Sources */,
				DFA9C02B2624339C005ACFB1 /* main.m in Sources */,
				DFA9C01D2624339B005ACFB1 /* SceneDelegate.m in Sources */,
			);
			runOnlyForDeploymentPostprocessing = 0;
		};
/* End PBXSourcesBuildPhase section */

/* Begin PBXTargetDependency section */
		DF5F2BC12599E2EE00FD6E1C /* PBXTargetDependency */ = {
			isa = PBXTargetDependency;
			target = DF5F2BB92599E2EE00FD6E1C /* notifycation */;
			targetProxy = DF5F2BC02599E2EE00FD6E1C /* PBXContainerItemProxy */;
		};
/* End PBXTargetDependency section */

/* Begin PBXVariantGroup section */
		DF17F736268F1D5C00871C13 /* Main.storyboard */ = {
			isa = PBXVariantGroup;
			children = (
				DF17F737268F1D5C00871C13 /* Base */,
			);
			name = Main.storyboard;
			sourceTree = "<group>";
		};
		DF17F73B268F1D5D00871C13 /* LaunchScreen.storyboard */ = {
			isa = PBXVariantGroup;
			children = (
				DF17F73C268F1D5D00871C13 /* Base */,
			);
			name = LaunchScreen.storyboard;
			sourceTree = "<group>";
		};
		DF5F2B6E2599DEFA00FD6E1C /* Main.storyboard */ = {
			isa = PBXVariantGroup;
			children = (
				DF5F2B6F2599DEFA00FD6E1C /* Base */,
			);
			name = Main.storyboard;
			sourceTree = "<group>";
		};
		DF5F2B732599DEFC00FD6E1C /* LaunchScreen.storyboard */ = {
			isa = PBXVariantGroup;
			children = (
				DF5F2B742599DEFC00FD6E1C /* Base */,
			);
			name = LaunchScreen.storyboard;
			sourceTree = "<group>";
		};
		DF64D0F725E8C96D0061459E /* Main.storyboard */ = {
			isa = PBXVariantGroup;
			children = (
				DF64D0F825E8C96D0061459E /* Base */,
			);
			name = Main.storyboard;
			sourceTree = "<group>";
		};
		DF64D0FC25E8C96E0061459E /* LaunchScreen.storyboard */ = {
			isa = PBXVariantGroup;
			children = (
				DF64D0FD25E8C96E0061459E /* Base */,
			);
			name = LaunchScreen.storyboard;
			sourceTree = "<group>";
		};
		DF7E5E1E26647AF500234E8B /* Main.storyboard */ = {
			isa = PBXVariantGroup;
			children = (
				DF7E5E1F26647AF500234E8B /* Base */,
			);
			name = Main.storyboard;
			sourceTree = "<group>";
		};
		DF7E5E2326647AF600234E8B /* LaunchScreen.storyboard */ = {
			isa = PBXVariantGroup;
			children = (
				DF7E5E2426647AF600234E8B /* Base */,
			);
			name = LaunchScreen.storyboard;
			sourceTree = "<group>";
		};
		DF95854F266F609400181062 /* Main.storyboard */ = {
			isa = PBXVariantGroup;
			children = (
				DF958550266F609400181062 /* Base */,
			);
			name = Main.storyboard;
			sourceTree = "<group>";
		};
		DF958554266F609500181062 /* LaunchScreen.storyboard */ = {
			isa = PBXVariantGroup;
			children = (
				DF958555266F609500181062 /* Base */,
			);
			name = LaunchScreen.storyboard;
			sourceTree = "<group>";
		};
		DF9585842670503800181062 /* Main.storyboard */ = {
			isa = PBXVariantGroup;
			children = (
				DF9585852670503800181062 /* Base */,
			);
			name = Main.storyboard;
			sourceTree = "<group>";
		};
		DF9585892670503900181062 /* LaunchScreen.storyboard */ = {
			isa = PBXVariantGroup;
			children = (
				DF95858A2670503900181062 /* Base */,
			);
			name = LaunchScreen.storyboard;
			sourceTree = "<group>";
		};
		DFA9C0212624339B005ACFB1 /* Main.storyboard */ = {
			isa = PBXVariantGroup;
			children = (
				DFA9C0222624339B005ACFB1 /* Base */,
			);
			name = Main.storyboard;
			sourceTree = "<group>";
		};
		DFA9C0262624339C005ACFB1 /* LaunchScreen.storyboard */ = {
			isa = PBXVariantGroup;
			children = (
				DFA9C0272624339C005ACFB1 /* Base */,
			);
			name = LaunchScreen.storyboard;
			sourceTree = "<group>";
		};
/* End PBXVariantGroup section */

/* Begin XCBuildConfiguration section */
		DF17F741268F1D5D00871C13 /* Debug */ = {
			isa = XCBuildConfiguration;
			buildSettings = {
				ASSETCATALOG_COMPILER_APPICON_NAME = AppIcon;
				ASSETCATALOG_COMPILER_GLOBAL_ACCENT_COLOR_NAME = AccentColor;
				CODE_SIGN_STYLE = Automatic;
				DEVELOPMENT_TEAM = 475QH33KPT;
				INFOPLIST_FILE = "电影院选座/Info.plist";
				IPHONEOS_DEPLOYMENT_TARGET = 14.4;
				LD_RUNPATH_SEARCH_PATHS = (
					"$(inherited)",
					"@executable_path/Frameworks",
				);
				PRODUCT_BUNDLE_IDENTIFIER = "com.uleapp.-----";
				PRODUCT_NAME = "$(TARGET_NAME)";
				TARGETED_DEVICE_FAMILY = "1,2";
			};
			name = Debug;
		};
		DF17F742268F1D5D00871C13 /* Release */ = {
			isa = XCBuildConfiguration;
			buildSettings = {
				ASSETCATALOG_COMPILER_APPICON_NAME = AppIcon;
				ASSETCATALOG_COMPILER_GLOBAL_ACCENT_COLOR_NAME = AccentColor;
				CODE_SIGN_STYLE = Automatic;
				DEVELOPMENT_TEAM = 475QH33KPT;
				INFOPLIST_FILE = "电影院选座/Info.plist";
				IPHONEOS_DEPLOYMENT_TARGET = 14.4;
				LD_RUNPATH_SEARCH_PATHS = (
					"$(inherited)",
					"@executable_path/Frameworks",
				);
				PRODUCT_BUNDLE_IDENTIFIER = "com.uleapp.-----";
				PRODUCT_NAME = "$(TARGET_NAME)";
				TARGETED_DEVICE_FAMILY = "1,2";
			};
			name = Release;
		};
		DF5F2B792599DEFC00FD6E1C /* Debug */ = {
			isa = XCBuildConfiguration;
			buildSettings = {
				ALWAYS_SEARCH_USER_PATHS = NO;
				CLANG_ANALYZER_NONNULL = YES;
				CLANG_ANALYZER_NUMBER_OBJECT_CONVERSION = YES_AGGRESSIVE;
				CLANG_CXX_LANGUAGE_STANDARD = "gnu++14";
				CLANG_CXX_LIBRARY = "libc++";
				CLANG_ENABLE_MODULES = YES;
				CLANG_ENABLE_OBJC_ARC = YES;
				CLANG_ENABLE_OBJC_WEAK = YES;
				CLANG_WARN_BLOCK_CAPTURE_AUTORELEASING = YES;
				CLANG_WARN_BOOL_CONVERSION = YES;
				CLANG_WARN_COMMA = YES;
				CLANG_WARN_CONSTANT_CONVERSION = YES;
				CLANG_WARN_DEPRECATED_OBJC_IMPLEMENTATIONS = YES;
				CLANG_WARN_DIRECT_OBJC_ISA_USAGE = YES_ERROR;
				CLANG_WARN_DOCUMENTATION_COMMENTS = YES;
				CLANG_WARN_EMPTY_BODY = YES;
				CLANG_WARN_ENUM_CONVERSION = YES;
				CLANG_WARN_INFINITE_RECURSION = YES;
				CLANG_WARN_INT_CONVERSION = YES;
				CLANG_WARN_NON_LITERAL_NULL_CONVERSION = YES;
				CLANG_WARN_OBJC_IMPLICIT_RETAIN_SELF = YES;
				CLANG_WARN_OBJC_LITERAL_CONVERSION = YES;
				CLANG_WARN_OBJC_ROOT_CLASS = YES_ERROR;
				CLANG_WARN_QUOTED_INCLUDE_IN_FRAMEWORK_HEADER = YES;
				CLANG_WARN_RANGE_LOOP_ANALYSIS = YES;
				CLANG_WARN_STRICT_PROTOTYPES = YES;
				CLANG_WARN_SUSPICIOUS_MOVE = YES;
				CLANG_WARN_UNGUARDED_AVAILABILITY = YES_AGGRESSIVE;
				CLANG_WARN_UNREACHABLE_CODE = YES;
				CLANG_WARN__DUPLICATE_METHOD_MATCH = YES;
				COPY_PHASE_STRIP = NO;
				DEBUG_INFORMATION_FORMAT = dwarf;
				ENABLE_STRICT_OBJC_MSGSEND = YES;
				ENABLE_TESTABILITY = YES;
				GCC_C_LANGUAGE_STANDARD = gnu11;
				GCC_DYNAMIC_NO_PIC = NO;
				GCC_NO_COMMON_BLOCKS = YES;
				GCC_OPTIMIZATION_LEVEL = 0;
				GCC_PREPROCESSOR_DEFINITIONS = (
					"DEBUG=1",
					"$(inherited)",
				);
				GCC_WARN_64_TO_32_BIT_CONVERSION = YES;
				GCC_WARN_ABOUT_RETURN_TYPE = YES_ERROR;
				GCC_WARN_UNDECLARED_SELECTOR = YES;
				GCC_WARN_UNINITIALIZED_AUTOS = YES_AGGRESSIVE;
				GCC_WARN_UNUSED_FUNCTION = YES;
				GCC_WARN_UNUSED_VARIABLE = YES;
				IPHONEOS_DEPLOYMENT_TARGET = 14.3;
				MTL_ENABLE_DEBUG_INFO = INCLUDE_SOURCE;
				MTL_FAST_MATH = YES;
				ONLY_ACTIVE_ARCH = YES;
				SDKROOT = iphoneos;
			};
			name = Debug;
		};
		DF5F2B7A2599DEFC00FD6E1C /* Release */ = {
			isa = XCBuildConfiguration;
			buildSettings = {
				ALWAYS_SEARCH_USER_PATHS = NO;
				CLANG_ANALYZER_NONNULL = YES;
				CLANG_ANALYZER_NUMBER_OBJECT_CONVERSION = YES_AGGRESSIVE;
				CLANG_CXX_LANGUAGE_STANDARD = "gnu++14";
				CLANG_CXX_LIBRARY = "libc++";
				CLANG_ENABLE_MODULES = YES;
				CLANG_ENABLE_OBJC_ARC = YES;
				CLANG_ENABLE_OBJC_WEAK = YES;
				CLANG_WARN_BLOCK_CAPTURE_AUTORELEASING = YES;
				CLANG_WARN_BOOL_CONVERSION = YES;
				CLANG_WARN_COMMA = YES;
				CLANG_WARN_CONSTANT_CONVERSION = YES;
				CLANG_WARN_DEPRECATED_OBJC_IMPLEMENTATIONS = YES;
				CLANG_WARN_DIRECT_OBJC_ISA_USAGE = YES_ERROR;
				CLANG_WARN_DOCUMENTATION_COMMENTS = YES;
				CLANG_WARN_EMPTY_BODY = YES;
				CLANG_WARN_ENUM_CONVERSION = YES;
				CLANG_WARN_INFINITE_RECURSION = YES;
				CLANG_WARN_INT_CONVERSION = YES;
				CLANG_WARN_NON_LITERAL_NULL_CONVERSION = YES;
				CLANG_WARN_OBJC_IMPLICIT_RETAIN_SELF = YES;
				CLANG_WARN_OBJC_LITERAL_CONVERSION = YES;
				CLANG_WARN_OBJC_ROOT_CLASS = YES_ERROR;
				CLANG_WARN_QUOTED_INCLUDE_IN_FRAMEWORK_HEADER = YES;
				CLANG_WARN_RANGE_LOOP_ANALYSIS = YES;
				CLANG_WARN_STRICT_PROTOTYPES = YES;
				CLANG_WARN_SUSPICIOUS_MOVE = YES;
				CLANG_WARN_UNGUARDED_AVAILABILITY = YES_AGGRESSIVE;
				CLANG_WARN_UNREACHABLE_CODE = YES;
				CLANG_WARN__DUPLICATE_METHOD_MATCH = YES;
				COPY_PHASE_STRIP = NO;
				DEBUG_INFORMATION_FORMAT = "dwarf-with-dsym";
				ENABLE_NS_ASSERTIONS = NO;
				ENABLE_STRICT_OBJC_MSGSEND = YES;
				GCC_C_LANGUAGE_STANDARD = gnu11;
				GCC_NO_COMMON_BLOCKS = YES;
				GCC_WARN_64_TO_32_BIT_CONVERSION = YES;
				GCC_WARN_ABOUT_RETURN_TYPE = YES_ERROR;
				GCC_WARN_UNDECLARED_SELECTOR = YES;
				GCC_WARN_UNINITIALIZED_AUTOS = YES_AGGRESSIVE;
				GCC_WARN_UNUSED_FUNCTION = YES;
				GCC_WARN_UNUSED_VARIABLE = YES;
				IPHONEOS_DEPLOYMENT_TARGET = 14.3;
				MTL_ENABLE_DEBUG_INFO = NO;
				MTL_FAST_MATH = YES;
				SDKROOT = iphoneos;
				VALIDATE_PRODUCT = YES;
			};
			name = Release;
		};
		DF5F2B7C2599DEFC00FD6E1C /* Debug */ = {
			isa = XCBuildConfiguration;
			buildSettings = {
				ASSETCATALOG_COMPILER_APPICON_NAME = AppIcon;
				ASSETCATALOG_COMPILER_GLOBAL_ACCENT_COLOR_NAME = AccentColor;
				CODE_SIGN_ENTITLEMENTS = HT_ObjCDemo/HT_ObjCDemo.entitlements;
				CODE_SIGN_STYLE = Automatic;
				DEVELOPMENT_TEAM = 475QH33KPT;
				INFOPLIST_FILE = HT_ObjCDemo/Info.plist;
				IPHONEOS_DEPLOYMENT_TARGET = 10.0;
				LD_RUNPATH_SEARCH_PATHS = (
					"$(inherited)",
					"@executable_path/Frameworks",
				);
				PRODUCT_BUNDLE_IDENTIFIER = com.appule.managerstore;
				PRODUCT_NAME = "$(TARGET_NAME)";
				TARGETED_DEVICE_FAMILY = "1,2";
			};
			name = Debug;
		};
		DF5F2B7D2599DEFC00FD6E1C /* Release */ = {
			isa = XCBuildConfiguration;
			buildSettings = {
				ASSETCATALOG_COMPILER_APPICON_NAME = AppIcon;
				ASSETCATALOG_COMPILER_GLOBAL_ACCENT_COLOR_NAME = AccentColor;
				CODE_SIGN_ENTITLEMENTS = HT_ObjCDemo/HT_ObjCDemo.entitlements;
				CODE_SIGN_STYLE = Automatic;
				DEVELOPMENT_TEAM = 475QH33KPT;
				INFOPLIST_FILE = HT_ObjCDemo/Info.plist;
				IPHONEOS_DEPLOYMENT_TARGET = 10.0;
				LD_RUNPATH_SEARCH_PATHS = (
					"$(inherited)",
					"@executable_path/Frameworks",
				);
				PRODUCT_BUNDLE_IDENTIFIER = com.appule.managerstore;
				PRODUCT_NAME = "$(TARGET_NAME)";
				TARGETED_DEVICE_FAMILY = "1,2";
			};
			name = Release;
		};
		DF5F2BC42599E2EE00FD6E1C /* Debug */ = {
			isa = XCBuildConfiguration;
			buildSettings = {
				CODE_SIGN_STYLE = Automatic;
				DEVELOPMENT_TEAM = 475QH33KPT;
				INFOPLIST_FILE = notifycation/Info.plist;
				IPHONEOS_DEPLOYMENT_TARGET = 13.0;
				LD_RUNPATH_SEARCH_PATHS = (
					"$(inherited)",
					"@executable_path/Frameworks",
					"@executable_path/../../Frameworks",
				);
				PRODUCT_BUNDLE_IDENTIFIER = com.appule.managerstore.notifycation;
				PRODUCT_NAME = "$(TARGET_NAME)";
				SKIP_INSTALL = YES;
				TARGETED_DEVICE_FAMILY = 1;
			};
			name = Debug;
		};
		DF5F2BC52599E2EE00FD6E1C /* Release */ = {
			isa = XCBuildConfiguration;
			buildSettings = {
				CODE_SIGN_STYLE = Automatic;
				DEVELOPMENT_TEAM = 475QH33KPT;
				INFOPLIST_FILE = notifycation/Info.plist;
				IPHONEOS_DEPLOYMENT_TARGET = 13.0;
				LD_RUNPATH_SEARCH_PATHS = (
					"$(inherited)",
					"@executable_path/Frameworks",
					"@executable_path/../../Frameworks",
				);
				PRODUCT_BUNDLE_IDENTIFIER = com.appule.managerstore.notifycation;
				PRODUCT_NAME = "$(TARGET_NAME)";
				SKIP_INSTALL = YES;
				TARGETED_DEVICE_FAMILY = 1;
			};
			name = Release;
		};
		DF64D10225E8C96E0061459E /* Debug */ = {
			isa = XCBuildConfiguration;
			buildSettings = {
				ASSETCATALOG_COMPILER_APPICON_NAME = AppIcon;
				ASSETCATALOG_COMPILER_GLOBAL_ACCENT_COLOR_NAME = AccentColor;
				CODE_SIGN_STYLE = Automatic;
				DEVELOPMENT_TEAM = 475QH33KPT;
				INFOPLIST_FILE = "绘图/Info.plist";
				IPHONEOS_DEPLOYMENT_TARGET = 10.0;
				LD_RUNPATH_SEARCH_PATHS = (
					"$(inherited)",
					"@executable_path/Frameworks",
				);
				PRODUCT_BUNDLE_IDENTIFIER = "com.uleapp.--";
				PRODUCT_NAME = "$(TARGET_NAME)";
				TARGETED_DEVICE_FAMILY = "1,2";
			};
			name = Debug;
		};
		DF64D10325E8C96E0061459E /* Release */ = {
			isa = XCBuildConfiguration;
			buildSettings = {
				ASSETCATALOG_COMPILER_APPICON_NAME = AppIcon;
				ASSETCATALOG_COMPILER_GLOBAL_ACCENT_COLOR_NAME = AccentColor;
				CODE_SIGN_STYLE = Automatic;
				DEVELOPMENT_TEAM = 475QH33KPT;
				INFOPLIST_FILE = "绘图/Info.plist";
				IPHONEOS_DEPLOYMENT_TARGET = 10.0;
				LD_RUNPATH_SEARCH_PATHS = (
					"$(inherited)",
					"@executable_path/Frameworks",
				);
				PRODUCT_BUNDLE_IDENTIFIER = "com.uleapp.--";
				PRODUCT_NAME = "$(TARGET_NAME)";
				TARGETED_DEVICE_FAMILY = "1,2";
			};
			name = Release;
		};
		DF7E5E2926647AF600234E8B /* Debug */ = {
			isa = XCBuildConfiguration;
			buildSettings = {
				ASSETCATALOG_COMPILER_APPICON_NAME = AppIcon;
				ASSETCATALOG_COMPILER_GLOBAL_ACCENT_COLOR_NAME = AccentColor;
				CODE_SIGN_STYLE = Automatic;
				DEVELOPMENT_TEAM = 475QH33KPT;
				INFOPLIST_FILE = "嵌套悬浮/Info.plist";
				IPHONEOS_DEPLOYMENT_TARGET = 14.4;
				LD_RUNPATH_SEARCH_PATHS = (
					"$(inherited)",
					"@executable_path/Frameworks",
				);
				PRODUCT_BUNDLE_IDENTIFIER = "com.uleapp.----";
				PRODUCT_NAME = "$(TARGET_NAME)";
				TARGETED_DEVICE_FAMILY = "1,2";
			};
			name = Debug;
		};
		DF7E5E2A26647AF600234E8B /* Release */ = {
			isa = XCBuildConfiguration;
			buildSettings = {
				ASSETCATALOG_COMPILER_APPICON_NAME = AppIcon;
				ASSETCATALOG_COMPILER_GLOBAL_ACCENT_COLOR_NAME = AccentColor;
				CODE_SIGN_STYLE = Automatic;
				DEVELOPMENT_TEAM = 475QH33KPT;
				INFOPLIST_FILE = "嵌套悬浮/Info.plist";
				IPHONEOS_DEPLOYMENT_TARGET = 14.4;
				LD_RUNPATH_SEARCH_PATHS = (
					"$(inherited)",
					"@executable_path/Frameworks",
				);
				PRODUCT_BUNDLE_IDENTIFIER = "com.uleapp.----";
				PRODUCT_NAME = "$(TARGET_NAME)";
				TARGETED_DEVICE_FAMILY = "1,2";
			};
			name = Release;
		};
		DF95855A266F609500181062 /* Debug */ = {
			isa = XCBuildConfiguration;
			buildSettings = {
				ASSETCATALOG_COMPILER_APPICON_NAME = AppIcon;
				ASSETCATALOG_COMPILER_GLOBAL_ACCENT_COLOR_NAME = AccentColor;
				CODE_SIGN_STYLE = Automatic;
				DEVELOPMENT_TEAM = 475QH33KPT;
				INFOPLIST_FILE = "Runloop线程常驻/Info.plist";
				IPHONEOS_DEPLOYMENT_TARGET = 14.4;
				LD_RUNPATH_SEARCH_PATHS = (
					"$(inherited)",
					"@executable_path/Frameworks",
				);
				PRODUCT_BUNDLE_IDENTIFIER = "com.uleapp.Runloop----";
				PRODUCT_NAME = "$(TARGET_NAME)";
				TARGETED_DEVICE_FAMILY = "1,2";
			};
			name = Debug;
		};
		DF95855B266F609500181062 /* Release */ = {
			isa = XCBuildConfiguration;
			buildSettings = {
				ASSETCATALOG_COMPILER_APPICON_NAME = AppIcon;
				ASSETCATALOG_COMPILER_GLOBAL_ACCENT_COLOR_NAME = AccentColor;
				CODE_SIGN_STYLE = Automatic;
				DEVELOPMENT_TEAM = 475QH33KPT;
				INFOPLIST_FILE = "Runloop线程常驻/Info.plist";
				IPHONEOS_DEPLOYMENT_TARGET = 14.4;
				LD_RUNPATH_SEARCH_PATHS = (
					"$(inherited)",
					"@executable_path/Frameworks",
				);
				PRODUCT_BUNDLE_IDENTIFIER = "com.uleapp.Runloop----";
				PRODUCT_NAME = "$(TARGET_NAME)";
				TARGETED_DEVICE_FAMILY = "1,2";
			};
			name = Release;
		};
		DF9585902670503900181062 /* Debug */ = {
			isa = XCBuildConfiguration;
			buildSettings = {
				ASSETCATALOG_COMPILER_APPICON_NAME = AppIcon;
				ASSETCATALOG_COMPILER_GLOBAL_ACCENT_COLOR_NAME = AccentColor;
				CODE_SIGN_STYLE = Automatic;
				DEVELOPMENT_TEAM = 475QH33KPT;
				INFOPLIST_FILE = "深复制与浅复制/Info.plist";
				IPHONEOS_DEPLOYMENT_TARGET = 14.4;
				LD_RUNPATH_SEARCH_PATHS = (
					"$(inherited)",
					"@executable_path/Frameworks",
				);
				PRODUCT_BUNDLE_IDENTIFIER = "com.uleapp.-------";
				PRODUCT_NAME = "$(TARGET_NAME)";
				TARGETED_DEVICE_FAMILY = "1,2";
			};
			name = Debug;
		};
		DF9585912670503900181062 /* Release */ = {
			isa = XCBuildConfiguration;
			buildSettings = {
				ASSETCATALOG_COMPILER_APPICON_NAME = AppIcon;
				ASSETCATALOG_COMPILER_GLOBAL_ACCENT_COLOR_NAME = AccentColor;
				CODE_SIGN_STYLE = Automatic;
				DEVELOPMENT_TEAM = 475QH33KPT;
				INFOPLIST_FILE = "深复制与浅复制/Info.plist";
				IPHONEOS_DEPLOYMENT_TARGET = 14.4;
				LD_RUNPATH_SEARCH_PATHS = (
					"$(inherited)",
					"@executable_path/Frameworks",
				);
				PRODUCT_BUNDLE_IDENTIFIER = "com.uleapp.-------";
				PRODUCT_NAME = "$(TARGET_NAME)";
				TARGETED_DEVICE_FAMILY = "1,2";
			};
			name = Release;
		};
		DFA9C02C2624339C005ACFB1 /* Debug */ = {
			isa = XCBuildConfiguration;
			buildSettings = {
				ASSETCATALOG_COMPILER_APPICON_NAME = AppIcon;
				ASSETCATALOG_COMPILER_GLOBAL_ACCENT_COLOR_NAME = AccentColor;
				CODE_SIGN_STYLE = Automatic;
				DEVELOPMENT_TEAM = 475QH33KPT;
				INFOPLIST_FILE = "谓词Demo/Info.plist";
				IPHONEOS_DEPLOYMENT_TARGET = 14.4;
				LD_RUNPATH_SEARCH_PATHS = (
					"$(inherited)",
					"@executable_path/Frameworks",
				);
				PRODUCT_BUNDLE_IDENTIFIER = "com.uleapp.--Demo";
				PRODUCT_NAME = "$(TARGET_NAME)";
				TARGETED_DEVICE_FAMILY = "1,2";
			};
			name = Debug;
		};
		DFA9C02D2624339C005ACFB1 /* Release */ = {
			isa = XCBuildConfiguration;
			buildSettings = {
				ASSETCATALOG_COMPILER_APPICON_NAME = AppIcon;
				ASSETCATALOG_COMPILER_GLOBAL_ACCENT_COLOR_NAME = AccentColor;
				CODE_SIGN_STYLE = Automatic;
				DEVELOPMENT_TEAM = 475QH33KPT;
				INFOPLIST_FILE = "谓词Demo/Info.plist";
				IPHONEOS_DEPLOYMENT_TARGET = 14.4;
				LD_RUNPATH_SEARCH_PATHS = (
					"$(inherited)",
					"@executable_path/Frameworks",
				);
				PRODUCT_BUNDLE_IDENTIFIER = "com.uleapp.--Demo";
				PRODUCT_NAME = "$(TARGET_NAME)";
				TARGETED_DEVICE_FAMILY = "1,2";
			};
			name = Release;
		};
/* End XCBuildConfiguration section */

/* Begin XCConfigurationList section */
		DF17F743268F1D5D00871C13 /* Build configuration list for PBXNativeTarget "电影院选座" */ = {
			isa = XCConfigurationList;
			buildConfigurations = (
				DF17F741268F1D5D00871C13 /* Debug */,
				DF17F742268F1D5D00871C13 /* Release */,
			);
			defaultConfigurationIsVisible = 0;
			defaultConfigurationName = Release;
		};
		DF5F2B5D2599DEFA00FD6E1C /* Build configuration list for PBXProject "HT_ObjCDemo" */ = {
			isa = XCConfigurationList;
			buildConfigurations = (
				DF5F2B792599DEFC00FD6E1C /* Debug */,
				DF5F2B7A2599DEFC00FD6E1C /* Release */,
			);
			defaultConfigurationIsVisible = 0;
			defaultConfigurationName = Release;
		};
		DF5F2B7B2599DEFC00FD6E1C /* Build configuration list for PBXNativeTarget "HT_ObjCDemo" */ = {
			isa = XCConfigurationList;
			buildConfigurations = (
				DF5F2B7C2599DEFC00FD6E1C /* Debug */,
				DF5F2B7D2599DEFC00FD6E1C /* Release */,
			);
			defaultConfigurationIsVisible = 0;
			defaultConfigurationName = Release;
		};
		DF5F2BC62599E2EE00FD6E1C /* Build configuration list for PBXNativeTarget "notifycation" */ = {
			isa = XCConfigurationList;
			buildConfigurations = (
				DF5F2BC42599E2EE00FD6E1C /* Debug */,
				DF5F2BC52599E2EE00FD6E1C /* Release */,
			);
			defaultConfigurationIsVisible = 0;
			defaultConfigurationName = Release;
		};
		DF64D10425E8C96E0061459E /* Build configuration list for PBXNativeTarget "绘图" */ = {
			isa = XCConfigurationList;
			buildConfigurations = (
				DF64D10225E8C96E0061459E /* Debug */,
				DF64D10325E8C96E0061459E /* Release */,
			);
			defaultConfigurationIsVisible = 0;
			defaultConfigurationName = Release;
		};
		DF7E5E2B26647AF600234E8B /* Build configuration list for PBXNativeTarget "嵌套悬浮" */ = {
			isa = XCConfigurationList;
			buildConfigurations = (
				DF7E5E2926647AF600234E8B /* Debug */,
				DF7E5E2A26647AF600234E8B /* Release */,
			);
			defaultConfigurationIsVisible = 0;
			defaultConfigurationName = Release;
		};
		DF95855C266F609500181062 /* Build configuration list for PBXNativeTarget "Runloop线程常驻" */ = {
			isa = XCConfigurationList;
			buildConfigurations = (
				DF95855A266F609500181062 /* Debug */,
				DF95855B266F609500181062 /* Release */,
			);
			defaultConfigurationIsVisible = 0;
			defaultConfigurationName = Release;
		};
		DF95858F2670503900181062 /* Build configuration list for PBXNativeTarget "深复制与浅复制" */ = {
			isa = XCConfigurationList;
			buildConfigurations = (
				DF9585902670503900181062 /* Debug */,
				DF9585912670503900181062 /* Release */,
			);
			defaultConfigurationIsVisible = 0;
			defaultConfigurationName = Release;
		};
		DFA9C02E2624339C005ACFB1 /* Build configuration list for PBXNativeTarget "谓词Demo" */ = {
			isa = XCConfigurationList;
			buildConfigurations = (
				DFA9C02C2624339C005ACFB1 /* Debug */,
				DFA9C02D2624339C005ACFB1 /* Release */,
			);
			defaultConfigurationIsVisible = 0;
			defaultConfigurationName = Release;
		};
/* End XCConfigurationList section */
	};
	rootObject = DF5F2B5A2599DEFA00FD6E1C /* Project object */;
}
